
Microsoft Visual Studio Solution File, Format Version 12.00
# Visual Studio Version 17
VisualStudioVersion = 17.0.31903.59
MinimumVisualStudioVersion = 10.0.40219.1
Project("{2150E333-8FDC-42A3-9474-1A3956D46DE8}") = "src", "src", "{33AD2D83-0DD4-4EE5-876F-25FF078D881E}"
EndProject
Project("{2150E333-8FDC-42A3-9474-1A3956D46DE8}") = "test", "test", "{3DE24C5E-21FE-4689-AD86-2301A2DF465F}"
EndProject
Project("{FAE04EC0-301F-11D3-BF4B-00C04F79EFBC}") = "DynamoDb.DistributedLock", "src\DynamoDb.DistributedLock\DynamoDb.DistributedLock.csproj", "{AA9CF908-DFDA-4959-9B32-83FA714B8A79}"
EndProject
Project("{FAE04EC0-301F-11D3-BF4B-00C04F79EFBC}") = "DynamoDb.DistributedLock.Tests", "test\DynamoDb.DistributedLock.Tests\DynamoDb.DistributedLock.Tests.csproj", "{C74F4B62-590E-4B8F-BEAE-5849DF053D95}"
EndProject
Project("{2150E333-8FDC-42A3-9474-1A3956D46DE8}") = "git", "git", "{5BAE3FD5-C0AD-4FAF-AFC3-1084D03F20C0}"
	ProjectSection(SolutionItems) = preProject
		.gitignore = .gitignore
		.github\dependabot.yml = .github\dependabot.yml
		.github\workflows\build.yaml = .github\workflows\build.yaml
		.github\workflows\pr-build.yaml = .github\workflows\pr-build.yaml
	EndProjectSection
EndProject
Project("{2150E333-8FDC-42A3-9474-1A3956D46DE8}") = "Solution Items", "Solution Items", "{8CDE1B7B-D372-4970-A44F-4AA7DE5A5815}"
	ProjectSection(SolutionItems) = preProject
		Directory.Build.props = Directory.Build.props
		LICENSE = LICENSE
		README.md = README.md
	EndProjectSection
EndProject
Global
	GlobalSection(SolutionConfigurationPlatforms) = preSolution
		Debug|Any CPU = Debug|Any CPU
		Release|Any CPU = Release|Any CPU
	EndGlobalSection
	GlobalSection(SolutionProperties) = preSolution
		HideSolutionNode = FALSE
	EndGlobalSection
	GlobalSection(NestedProjects) = preSolution
		{AA9CF908-DFDA-4959-9B32-83FA714B8A79} = {33AD2D83-0DD4-4EE5-876F-25FF078D881E}
		{C74F4B62-590E-4B8F-BEAE-5849DF053D95} = {3DE24C5E-21FE-4689-AD86-2301A2DF465F}
	EndGlobalSection
	GlobalSection(ProjectConfigurationPlatforms) = postSolution
		{AA9CF908-DFDA-4959-9B32-83FA714B8A79}.Debug|Any CPU.ActiveCfg = Debug|Any CPU
		{AA9CF908-DFDA-4959-9B32-83FA714B8A79}.Debug|Any CPU.Build.0 = Debug|Any CPU
		{AA9CF908-DFDA-4959-9B32-83FA714B8A79}.Release|Any CPU.ActiveCfg = Release|Any CPU
		{AA9CF908-DFDA-4959-9B32-83FA714B8A79}.Release|Any CPU.Build.0 = Release|Any CPU
		{C74F4B62-590E-4B8F-BEAE-5849DF053D95}.Debug|Any CPU.ActiveCfg = Debug|Any CPU
		{C74F4B62-590E-4B8F-BEAE-5849DF053D95}.Debug|Any CPU.Build.0 = Debug|Any CPU
		{C74F4B62-590E-4B8F-BEAE-5849DF053D95}.Release|Any CPU.ActiveCfg = Release|Any CPU
		{C74F4B62-590E-4B8F-BEAE-5849DF053D95}.Release|Any CPU.Build.0 = Release|Any CPU
	EndGlobalSection
EndGlobal
